// !$*UTF8*$!
{
	archiveVersion = 1;
	classes = {
	};
	objectVersion = 46;
	objects = {

/* Begin PBXBuildFile section */
		2F287D071A0DF0A300DD0A57 /* AVFoundation.framework in Frameworks */ = {isa = PBXBuildFile; fileRef = 2F287D061A0DF0A300DD0A57 /* AVFoundation.framework */; };
		2F287D091A0DF0AC00DD0A57 /* CoreData.framework in Frameworks */ = {isa = PBXBuildFile; fileRef = 2F287D081A0DF0AC00DD0A57 /* CoreData.framework */; };
		2F287D0B1A0DF0B500DD0A57 /* CoreLocation.framework in Frameworks */ = {isa = PBXBuildFile; fileRef = 2F287D0A1A0DF0B500DD0A57 /* CoreLocation.framework */; };
		2F287D0D1A0DF0BF00DD0A57 /* CoreText.framework in Frameworks */ = {isa = PBXBuildFile; fileRef = 2F287D0C1A0DF0BF00DD0A57 /* CoreText.framework */; };
		2F287D0F1A0DF0C800DD0A57 /* GLKit.framework in Frameworks */ = {isa = PBXBuildFile; fileRef = 2F287D0E1A0DF0C800DD0A57 /* GLKit.framework */; };
		2F287D111A0DF0D100DD0A57 /* ImageIO.framework in Frameworks */ = {isa = PBXBuildFile; fileRef = 2F287D101A0DF0D100DD0A57 /* ImageIO.framework */; };
		2F287D131A0DF0E700DD0A57 /* libz.dylib in Frameworks */ = {isa = PBXBuildFile; fileRef = 2F287D121A0DF0E700DD0A57 /* libz.dylib */; };
		2F287D151A0DF0F100DD0A57 /* OpenGLES.framework in Frameworks */ = {isa = PBXBuildFile; fileRef = 2F287D141A0DF0F100DD0A57 /* OpenGLES.framework */; };
		2F287D171A0DF0FB00DD0A57 /* QuartzCore.framework in Frameworks */ = {isa = PBXBuildFile; fileRef = 2F287D161A0DF0FB00DD0A57 /* QuartzCore.framework */; };
		2FDB1F8D1A0E064900C666A2 /* GoogleMaps.framework in Frameworks */ = {isa = PBXBuildFile; fileRef = 2FDB1F8C1A0E064900C666A2 /* GoogleMaps.framework */; };
		2FDB1F8F1A0E066300C666A2 /* GoogleMaps.bundle in Resources */ = {isa = PBXBuildFile; fileRef = 2FDB1F8E1A0E066300C666A2 /* GoogleMaps.bundle */; };
		2FE5B30D1A292AF6000C2B26 /* cancel.png in Resources */ = {isa = PBXBuildFile; fileRef = 2FE5B30C1A292AF6000C2B26 /* cancel.png */; };
		2FE5B30F1A2A2B50000C2B26 /* switch.png in Resources */ = {isa = PBXBuildFile; fileRef = 2FE5B30E1A2A2B50000C2B26 /* switch.png */; };
		2FE5B3141A2A9E1C000C2B26 /* MultiplePulsingHaloLayer.m in Sources */ = {isa = PBXBuildFile; fileRef = 2FE5B3111A2A9E1C000C2B26 /* MultiplePulsingHaloLayer.m */; };
		2FE5B3151A2A9E1C000C2B26 /* PulsingHaloLayer.m in Sources */ = {isa = PBXBuildFile; fileRef = 2FE5B3131A2A9E1C000C2B26 /* PulsingHaloLayer.m */; };
		6BE865D0A3A0EA803AE70C61 /* libPods-Wiz.a in Frameworks */ = {isa = PBXBuildFile; fileRef = 387E29B8737A2C79589D47B9 /* libPods-Wiz.a */; };
		8B26C6481A0696FF00A9E92E /* StudentWaitingViewController.m in Sources */ = {isa = PBXBuildFile; fileRef = 8B26C6471A0696FF00A9E92E /* StudentWaitingViewController.m */; };
		8B26C64B1A06A20200A9E92E /* StudentRequestAcceptedViewController.m in Sources */ = {isa = PBXBuildFile; fileRef = 8B26C64A1A06A20200A9E92E /* StudentRequestAcceptedViewController.m */; };
		8B26C64E1A06AE7A00A9E92E /* WIZWaitingViewController.m in Sources */ = {isa = PBXBuildFile; fileRef = 8B26C64D1A06AE7A00A9E92E /* WIZWaitingViewController.m */; };
		8B26C6511A06B86D00A9E92E /* WIZUserDataSharedManager.m in Sources */ = {isa = PBXBuildFile; fileRef = 8B26C6501A06B86D00A9E92E /* WIZUserDataSharedManager.m */; };
		8B9F01B219FEE873008BDA75 /* pin.png in Resources */ = {isa = PBXBuildFile; fileRef = 8B9F01AF19FEE873008BDA75 /* pin.png */; };
		8B9F01B319FEE873008BDA75 /* TaskTwitter.xib in Resources */ = {isa = PBXBuildFile; fileRef = 8B9F01B019FEE873008BDA75 /* TaskTwitter.xib */; };
		8B9F01C019FEEA2D008BDA75 /* WIZMapViewController.m in Sources */ = {isa = PBXBuildFile; fileRef = 8B9F01BF19FEEA2D008BDA75 /* WIZMapViewController.m */; };
		8BA84FDA1A28FF6D008C331F /* StudentRequestNoMatchViewController.m in Sources */ = {isa = PBXBuildFile; fileRef = 8BA84FD91A28FF6D008C331F /* StudentRequestNoMatchViewController.m */; };
		8BA84FDD1A290578008C331F /* WIZAcceptedRequestViewController.m in Sources */ = {isa = PBXBuildFile; fileRef = 8BA84FDC1A290578008C331F /* WIZAcceptedRequestViewController.m */; };
		8BEF721119FD6EF7005F24F0 /* main.m in Sources */ = {isa = PBXBuildFile; fileRef = 8BEF721019FD6EF7005F24F0 /* main.m */; };
		8BEF721419FD6EF7005F24F0 /* AppDelegate.m in Sources */ = {isa = PBXBuildFile; fileRef = 8BEF721319FD6EF7005F24F0 /* AppDelegate.m */; };
		8BEF721719FD6EF7005F24F0 /* ViewController.m in Sources */ = {isa = PBXBuildFile; fileRef = 8BEF721619FD6EF7005F24F0 /* ViewController.m */; };
		8BEF721A19FD6EF7005F24F0 /* Main.storyboard in Resources */ = {isa = PBXBuildFile; fileRef = 8BEF721819FD6EF7005F24F0 /* Main.storyboard */; };
		8BEF721C19FD6EF7005F24F0 /* Images.xcassets in Resources */ = {isa = PBXBuildFile; fileRef = 8BEF721B19FD6EF7005F24F0 /* Images.xcassets */; };
		8BEF721F19FD6EF7005F24F0 /* LaunchScreen.xib in Resources */ = {isa = PBXBuildFile; fileRef = 8BEF721D19FD6EF7005F24F0 /* LaunchScreen.xib */; };
		8BEF722B19FD6EF7005F24F0 /* WizTests.m in Sources */ = {isa = PBXBuildFile; fileRef = 8BEF722A19FD6EF7005F24F0 /* WizTests.m */; };
		8BEF723519FD7629005F24F0 /* libicucore.dylib in Frameworks */ = {isa = PBXBuildFile; fileRef = 8BEF723419FD7629005F24F0 /* libicucore.dylib */; };
		8BEF723719FD7632005F24F0 /* libc++.dylib in Frameworks */ = {isa = PBXBuildFile; fileRef = 8BEF723619FD7632005F24F0 /* libc++.dylib */; };
		8BEF723919FD763B005F24F0 /* CFNetwork.framework in Frameworks */ = {isa = PBXBuildFile; fileRef = 8BEF723819FD763B005F24F0 /* CFNetwork.framework */; };
		8BEF723B19FD7641005F24F0 /* Security.framework in Frameworks */ = {isa = PBXBuildFile; fileRef = 8BEF723A19FD7641005F24F0 /* Security.framework */; };
		8BEF723D19FD7648005F24F0 /* SystemConfiguration.framework in Frameworks */ = {isa = PBXBuildFile; fileRef = 8BEF723C19FD7648005F24F0 /* SystemConfiguration.framework */; };
/* End PBXBuildFile section */

/* Begin PBXContainerItemProxy section */
		8BEF722519FD6EF7005F24F0 /* PBXContainerItemProxy */ = {
			isa = PBXContainerItemProxy;
			containerPortal = 8BEF720319FD6EF7005F24F0 /* Project object */;
			proxyType = 1;
			remoteGlobalIDString = 8BEF720A19FD6EF7005F24F0;
			remoteInfo = Wiz;
		};
/* End PBXContainerItemProxy section */

/* Begin PBXFileReference section */
		2F287D061A0DF0A300DD0A57 /* AVFoundation.framework */ = {isa = PBXFileReference; lastKnownFileType = wrapper.framework; name = AVFoundation.framework; path = System/Library/Frameworks/AVFoundation.framework; sourceTree = SDKROOT; };
		2F287D081A0DF0AC00DD0A57 /* CoreData.framework */ = {isa = PBXFileReference; lastKnownFileType = wrapper.framework; name = CoreData.framework; path = System/Library/Frameworks/CoreData.framework; sourceTree = SDKROOT; };
		2F287D0A1A0DF0B500DD0A57 /* CoreLocation.framework */ = {isa = PBXFileReference; lastKnownFileType = wrapper.framework; name = CoreLocation.framework; path = System/Library/Frameworks/CoreLocation.framework; sourceTree = SDKROOT; };
		2F287D0C1A0DF0BF00DD0A57 /* CoreText.framework */ = {isa = PBXFileReference; lastKnownFileType = wrapper.framework; name = CoreText.framework; path = System/Library/Frameworks/CoreText.framework; sourceTree = SDKROOT; };
		2F287D0E1A0DF0C800DD0A57 /* GLKit.framework */ = {isa = PBXFileReference; lastKnownFileType = wrapper.framework; name = GLKit.framework; path = System/Library/Frameworks/GLKit.framework; sourceTree = SDKROOT; };
		2F287D101A0DF0D100DD0A57 /* ImageIO.framework */ = {isa = PBXFileReference; lastKnownFileType = wrapper.framework; name = ImageIO.framework; path = System/Library/Frameworks/ImageIO.framework; sourceTree = SDKROOT; };
		2F287D121A0DF0E700DD0A57 /* libz.dylib */ = {isa = PBXFileReference; lastKnownFileType = "compiled.mach-o.dylib"; name = libz.dylib; path = usr/lib/libz.dylib; sourceTree = SDKROOT; };
		2F287D141A0DF0F100DD0A57 /* OpenGLES.framework */ = {isa = PBXFileReference; lastKnownFileType = wrapper.framework; name = OpenGLES.framework; path = System/Library/Frameworks/OpenGLES.framework; sourceTree = SDKROOT; };
		2F287D161A0DF0FB00DD0A57 /* QuartzCore.framework */ = {isa = PBXFileReference; lastKnownFileType = wrapper.framework; name = QuartzCore.framework; path = System/Library/Frameworks/QuartzCore.framework; sourceTree = SDKROOT; };
		2FDB1F8C1A0E064900C666A2 /* GoogleMaps.framework */ = {isa = PBXFileReference; lastKnownFileType = wrapper.framework; path = GoogleMaps.framework; sourceTree = "<group>"; };
		2FDB1F8E1A0E066300C666A2 /* GoogleMaps.bundle */ = {isa = PBXFileReference; lastKnownFileType = "wrapper.plug-in"; name = GoogleMaps.bundle; path = GoogleMaps.framework/Versions/A/Resources/GoogleMaps.bundle; sourceTree = "<group>"; };
		2FE5B30C1A292AF6000C2B26 /* cancel.png */ = {isa = PBXFileReference; lastKnownFileType = image.png; path = cancel.png; sourceTree = "<group>"; };
		2FE5B30E1A2A2B50000C2B26 /* switch.png */ = {isa = PBXFileReference; lastKnownFileType = image.png; path = switch.png; sourceTree = "<group>"; };
		2FE5B3101A2A9E1C000C2B26 /* MultiplePulsingHaloLayer.h */ = {isa = PBXFileReference; fileEncoding = 4; lastKnownFileType = sourcecode.c.h; path = MultiplePulsingHaloLayer.h; sourceTree = "<group>"; };
		2FE5B3111A2A9E1C000C2B26 /* MultiplePulsingHaloLayer.m */ = {isa = PBXFileReference; fileEncoding = 4; lastKnownFileType = sourcecode.c.objc; path = MultiplePulsingHaloLayer.m; sourceTree = "<group>"; };
		2FE5B3121A2A9E1C000C2B26 /* PulsingHaloLayer.h */ = {isa = PBXFileReference; fileEncoding = 4; lastKnownFileType = sourcecode.c.h; path = PulsingHaloLayer.h; sourceTree = "<group>"; };
		2FE5B3131A2A9E1C000C2B26 /* PulsingHaloLayer.m */ = {isa = PBXFileReference; fileEncoding = 4; lastKnownFileType = sourcecode.c.objc; path = PulsingHaloLayer.m; sourceTree = "<group>"; };
		3070CE58CA7BF6D37A1DFC09 /* Pods-Wiz.release.xcconfig */ = {isa = PBXFileReference; includeInIndex = 1; lastKnownFileType = text.xcconfig; name = "Pods-Wiz.release.xcconfig"; path = "Pods/Target Support Files/Pods-Wiz/Pods-Wiz.release.xcconfig"; sourceTree = "<group>"; };
		387E29B8737A2C79589D47B9 /* libPods-Wiz.a */ = {isa = PBXFileReference; explicitFileType = archive.ar; includeInIndex = 0; path = "libPods-Wiz.a"; sourceTree = BUILT_PRODUCTS_DIR; };
		8B26C6461A0696FF00A9E92E /* StudentWaitingViewController.h */ = {isa = PBXFileReference; fileEncoding = 4; lastKnownFileType = sourcecode.c.h; path = StudentWaitingViewController.h; sourceTree = "<group>"; };
		8B26C6471A0696FF00A9E92E /* StudentWaitingViewController.m */ = {isa = PBXFileReference; fileEncoding = 4; lastKnownFileType = sourcecode.c.objc; path = StudentWaitingViewController.m; sourceTree = "<group>"; };
		8B26C6491A06A20200A9E92E /* StudentRequestAcceptedViewController.h */ = {isa = PBXFileReference; fileEncoding = 4; lastKnownFileType = sourcecode.c.h; path = StudentRequestAcceptedViewController.h; sourceTree = "<group>"; };
		8B26C64A1A06A20200A9E92E /* StudentRequestAcceptedViewController.m */ = {isa = PBXFileReference; fileEncoding = 4; lastKnownFileType = sourcecode.c.objc; path = StudentRequestAcceptedViewController.m; sourceTree = "<group>"; };
		8B26C64C1A06AE7A00A9E92E /* WIZWaitingViewController.h */ = {isa = PBXFileReference; fileEncoding = 4; lastKnownFileType = sourcecode.c.h; path = WIZWaitingViewController.h; sourceTree = "<group>"; };
		8B26C64D1A06AE7A00A9E92E /* WIZWaitingViewController.m */ = {isa = PBXFileReference; fileEncoding = 4; lastKnownFileType = sourcecode.c.objc; path = WIZWaitingViewController.m; sourceTree = "<group>"; };
		8B26C64F1A06B86D00A9E92E /* WIZUserDataSharedManager.h */ = {isa = PBXFileReference; fileEncoding = 4; lastKnownFileType = sourcecode.c.h; path = WIZUserDataSharedManager.h; sourceTree = "<group>"; };
		8B26C6501A06B86D00A9E92E /* WIZUserDataSharedManager.m */ = {isa = PBXFileReference; fileEncoding = 4; lastKnownFileType = sourcecode.c.objc; path = WIZUserDataSharedManager.m; sourceTree = "<group>"; };
		8B9F01AF19FEE873008BDA75 /* pin.png */ = {isa = PBXFileReference; lastKnownFileType = image.png; name = pin.png; path = Wiz/pin.png; sourceTree = "<group>"; };
		8B9F01B019FEE873008BDA75 /* TaskTwitter.xib */ = {isa = PBXFileReference; fileEncoding = 4; lastKnownFileType = file.xib; name = TaskTwitter.xib; path = Wiz/TaskTwitter.xib; sourceTree = "<group>"; };
		8B9F01BE19FEEA2D008BDA75 /* WIZMapViewController.h */ = {isa = PBXFileReference; fileEncoding = 4; lastKnownFileType = sourcecode.c.h; path = WIZMapViewController.h; sourceTree = "<group>"; };
		8B9F01BF19FEEA2D008BDA75 /* WIZMapViewController.m */ = {isa = PBXFileReference; fileEncoding = 4; lastKnownFileType = sourcecode.c.objc; path = WIZMapViewController.m; sourceTree = "<group>"; };
		8BA84FD81A28FF6D008C331F /* StudentRequestNoMatchViewController.h */ = {isa = PBXFileReference; fileEncoding = 4; lastKnownFileType = sourcecode.c.h; path = StudentRequestNoMatchViewController.h; sourceTree = "<group>"; };
		8BA84FD91A28FF6D008C331F /* StudentRequestNoMatchViewController.m */ = {isa = PBXFileReference; fileEncoding = 4; lastKnownFileType = sourcecode.c.objc; path = StudentRequestNoMatchViewController.m; sourceTree = "<group>"; };
		8BA84FDB1A290578008C331F /* WIZAcceptedRequestViewController.h */ = {isa = PBXFileReference; fileEncoding = 4; lastKnownFileType = sourcecode.c.h; path = WIZAcceptedRequestViewController.h; sourceTree = "<group>"; };
		8BA84FDC1A290578008C331F /* WIZAcceptedRequestViewController.m */ = {isa = PBXFileReference; fileEncoding = 4; lastKnownFileType = sourcecode.c.objc; path = WIZAcceptedRequestViewController.m; sourceTree = "<group>"; };
		8BEF720B19FD6EF7005F24F0 /* Wiz.app */ = {isa = PBXFileReference; explicitFileType = wrapper.application; includeInIndex = 0; path = Wiz.app; sourceTree = BUILT_PRODUCTS_DIR; };
		8BEF720F19FD6EF7005F24F0 /* Info.plist */ = {isa = PBXFileReference; lastKnownFileType = text.plist.xml; path = Info.plist; sourceTree = "<group>"; };
		8BEF721019FD6EF7005F24F0 /* main.m */ = {isa = PBXFileReference; lastKnownFileType = sourcecode.c.objc; path = main.m; sourceTree = "<group>"; };
		8BEF721219FD6EF7005F24F0 /* AppDelegate.h */ = {isa = PBXFileReference; lastKnownFileType = sourcecode.c.h; path = AppDelegate.h; sourceTree = "<group>"; };
		8BEF721319FD6EF7005F24F0 /* AppDelegate.m */ = {isa = PBXFileReference; lastKnownFileType = sourcecode.c.objc; path = AppDelegate.m; sourceTree = "<group>"; };
		8BEF721519FD6EF7005F24F0 /* ViewController.h */ = {isa = PBXFileReference; lastKnownFileType = sourcecode.c.h; path = ViewController.h; sourceTree = "<group>"; };
		8BEF721619FD6EF7005F24F0 /* ViewController.m */ = {isa = PBXFileReference; lastKnownFileType = sourcecode.c.objc; path = ViewController.m; sourceTree = "<group>"; };
		8BEF721919FD6EF7005F24F0 /* Base */ = {isa = PBXFileReference; lastKnownFileType = file.storyboard; name = Base; path = Base.lproj/Main.storyboard; sourceTree = "<group>"; };
		8BEF721B19FD6EF7005F24F0 /* Images.xcassets */ = {isa = PBXFileReference; lastKnownFileType = folder.assetcatalog; path = Images.xcassets; sourceTree = "<group>"; };
		8BEF721E19FD6EF7005F24F0 /* Base */ = {isa = PBXFileReference; lastKnownFileType = file.xib; name = Base; path = Base.lproj/LaunchScreen.xib; sourceTree = "<group>"; };
		8BEF722419FD6EF7005F24F0 /* WizTests.xctest */ = {isa = PBXFileReference; explicitFileType = wrapper.cfbundle; includeInIndex = 0; path = WizTests.xctest; sourceTree = BUILT_PRODUCTS_DIR; };
		8BEF722919FD6EF7005F24F0 /* Info.plist */ = {isa = PBXFileReference; lastKnownFileType = text.plist.xml; path = Info.plist; sourceTree = "<group>"; };
		8BEF722A19FD6EF7005F24F0 /* WizTests.m */ = {isa = PBXFileReference; lastKnownFileType = sourcecode.c.objc; path = WizTests.m; sourceTree = "<group>"; };
		8BEF723419FD7629005F24F0 /* libicucore.dylib */ = {isa = PBXFileReference; lastKnownFileType = "compiled.mach-o.dylib"; name = libicucore.dylib; path = usr/lib/libicucore.dylib; sourceTree = SDKROOT; };
		8BEF723619FD7632005F24F0 /* libc++.dylib */ = {isa = PBXFileReference; lastKnownFileType = "compiled.mach-o.dylib"; name = "libc++.dylib"; path = "usr/lib/libc++.dylib"; sourceTree = SDKROOT; };
		8BEF723819FD763B005F24F0 /* CFNetwork.framework */ = {isa = PBXFileReference; lastKnownFileType = wrapper.framework; name = CFNetwork.framework; path = System/Library/Frameworks/CFNetwork.framework; sourceTree = SDKROOT; };
		8BEF723A19FD7641005F24F0 /* Security.framework */ = {isa = PBXFileReference; lastKnownFileType = wrapper.framework; name = Security.framework; path = System/Library/Frameworks/Security.framework; sourceTree = SDKROOT; };
		8BEF723C19FD7648005F24F0 /* SystemConfiguration.framework */ = {isa = PBXFileReference; lastKnownFileType = wrapper.framework; name = SystemConfiguration.framework; path = System/Library/Frameworks/SystemConfiguration.framework; sourceTree = SDKROOT; };
		DA5D382CF5E2B8AE4DFF306B /* Pods-Wiz.debug.xcconfig */ = {isa = PBXFileReference; includeInIndex = 1; lastKnownFileType = text.xcconfig; name = "Pods-Wiz.debug.xcconfig"; path = "Pods/Target Support Files/Pods-Wiz/Pods-Wiz.debug.xcconfig"; sourceTree = "<group>"; };
/* End PBXFileReference section */

/* Begin PBXFrameworksBuildPhase section */
		8BEF720819FD6EF7005F24F0 /* Frameworks */ = {
			isa = PBXFrameworksBuildPhase;
			buildActionMask = 2147483647;
			files = (
				8BEF723D19FD7648005F24F0 /* SystemConfiguration.framework in Frameworks */,
				2F287D171A0DF0FB00DD0A57 /* QuartzCore.framework in Frameworks */,
				2F287D151A0DF0F100DD0A57 /* OpenGLES.framework in Frameworks */,
				2F287D131A0DF0E700DD0A57 /* libz.dylib in Frameworks */,
				2F287D111A0DF0D100DD0A57 /* ImageIO.framework in Frameworks */,
				2F287D0F1A0DF0C800DD0A57 /* GLKit.framework in Frameworks */,
				2F287D0D1A0DF0BF00DD0A57 /* CoreText.framework in Frameworks */,
				2F287D0B1A0DF0B500DD0A57 /* CoreLocation.framework in Frameworks */,
				2F287D091A0DF0AC00DD0A57 /* CoreData.framework in Frameworks */,
				2F287D071A0DF0A300DD0A57 /* AVFoundation.framework in Frameworks */,
				8BEF723B19FD7641005F24F0 /* Security.framework in Frameworks */,
				8BEF723919FD763B005F24F0 /* CFNetwork.framework in Frameworks */,
				8BEF723719FD7632005F24F0 /* libc++.dylib in Frameworks */,
				8BEF723519FD7629005F24F0 /* libicucore.dylib in Frameworks */,
				2FDB1F8D1A0E064900C666A2 /* GoogleMaps.framework in Frameworks */,
				6BE865D0A3A0EA803AE70C61 /* libPods-Wiz.a in Frameworks */,
			);
			runOnlyForDeploymentPostprocessing = 0;
		};
		8BEF722119FD6EF7005F24F0 /* Frameworks */ = {
			isa = PBXFrameworksBuildPhase;
			buildActionMask = 2147483647;
			files = (
			);
			runOnlyForDeploymentPostprocessing = 0;
		};
/* End PBXFrameworksBuildPhase section */

/* Begin PBXGroup section */
		6DEDC14839D8B68B59DA5022 /* Pods */ = {
			isa = PBXGroup;
			children = (
				DA5D382CF5E2B8AE4DFF306B /* Pods-Wiz.debug.xcconfig */,
				3070CE58CA7BF6D37A1DFC09 /* Pods-Wiz.release.xcconfig */,
			);
			name = Pods;
			sourceTree = "<group>";
		};
		8BEF720219FD6EF7005F24F0 = {
			isa = PBXGroup;
			children = (
				8B9F01AF19FEE873008BDA75 /* pin.png */,
				8B9F01B019FEE873008BDA75 /* TaskTwitter.xib */,
				8BEF720D19FD6EF7005F24F0 /* Wiz */,
				8BEF722719FD6EF7005F24F0 /* WizTests */,
				8BEF720C19FD6EF7005F24F0 /* Products */,
				6DEDC14839D8B68B59DA5022 /* Pods */,
				E85557ED3F94C7DC0A324326 /* Frameworks */,
			);
			sourceTree = "<group>";
		};
		8BEF720C19FD6EF7005F24F0 /* Products */ = {
			isa = PBXGroup;
			children = (
				8BEF720B19FD6EF7005F24F0 /* Wiz.app */,
				8BEF722419FD6EF7005F24F0 /* WizTests.xctest */,
			);
			name = Products;
			sourceTree = "<group>";
		};
		8BEF720D19FD6EF7005F24F0 /* Wiz */ = {
			isa = PBXGroup;
			children = (
				8B26C64F1A06B86D00A9E92E /* WIZUserDataSharedManager.h */,
				8B26C6501A06B86D00A9E92E /* WIZUserDataSharedManager.m */,
				8B26C64C1A06AE7A00A9E92E /* WIZWaitingViewController.h */,
				8B26C64D1A06AE7A00A9E92E /* WIZWaitingViewController.m */,
				8B9F01BE19FEEA2D008BDA75 /* WIZMapViewController.h */,
				8B9F01BF19FEEA2D008BDA75 /* WIZMapViewController.m */,
				8B26C6461A0696FF00A9E92E /* StudentWaitingViewController.h */,
				8B26C6471A0696FF00A9E92E /* StudentWaitingViewController.m */,
				8BEF721219FD6EF7005F24F0 /* AppDelegate.h */,
				8BEF721319FD6EF7005F24F0 /* AppDelegate.m */,
				8BEF721519FD6EF7005F24F0 /* ViewController.h */,
				8BEF721619FD6EF7005F24F0 /* ViewController.m */,
				8BEF721819FD6EF7005F24F0 /* Main.storyboard */,
				8B26C6491A06A20200A9E92E /* StudentRequestAcceptedViewController.h */,
				8B26C64A1A06A20200A9E92E /* StudentRequestAcceptedViewController.m */,
				8BA84FD81A28FF6D008C331F /* StudentRequestNoMatchViewController.h */,
				8BA84FD91A28FF6D008C331F /* StudentRequestNoMatchViewController.m */,
				8BA84FDB1A290578008C331F /* WIZAcceptedRequestViewController.h */,
				8BA84FDC1A290578008C331F /* WIZAcceptedRequestViewController.m */,
				8BEF721B19FD6EF7005F24F0 /* Images.xcassets */,
				8BEF721D19FD6EF7005F24F0 /* LaunchScreen.xib */,
				8BEF720E19FD6EF7005F24F0 /* Supporting Files */,
			);
			path = Wiz;
			sourceTree = "<group>";
		};
		8BEF720E19FD6EF7005F24F0 /* Supporting Files */ = {
			isa = PBXGroup;
			children = (
				2FE5B3101A2A9E1C000C2B26 /* MultiplePulsingHaloLayer.h */,
				2FE5B3111A2A9E1C000C2B26 /* MultiplePulsingHaloLayer.m */,
				2FE5B3121A2A9E1C000C2B26 /* PulsingHaloLayer.h */,
				2FE5B3131A2A9E1C000C2B26 /* PulsingHaloLayer.m */,
				2FE5B30C1A292AF6000C2B26 /* cancel.png */,
				2FE5B30E1A2A2B50000C2B26 /* switch.png */,
				8BEF720F19FD6EF7005F24F0 /* Info.plist */,
				8BEF721019FD6EF7005F24F0 /* main.m */,
			);
			name = "Supporting Files";
			sourceTree = "<group>";
		};
		8BEF722719FD6EF7005F24F0 /* WizTests */ = {
			isa = PBXGroup;
			children = (
				8BEF722A19FD6EF7005F24F0 /* WizTests.m */,
				8BEF722819FD6EF7005F24F0 /* Supporting Files */,
			);
			path = WizTests;
			sourceTree = "<group>";
		};
		8BEF722819FD6EF7005F24F0 /* Supporting Files */ = {
			isa = PBXGroup;
			children = (
				8BEF722919FD6EF7005F24F0 /* Info.plist */,
			);
			name = "Supporting Files";
			sourceTree = "<group>";
		};
		E85557ED3F94C7DC0A324326 /* Frameworks */ = {
			isa = PBXGroup;
			children = (
				2FDB1F8E1A0E066300C666A2 /* GoogleMaps.bundle */,
				2FDB1F8C1A0E064900C666A2 /* GoogleMaps.framework */,
				2F287D161A0DF0FB00DD0A57 /* QuartzCore.framework */,
				2F287D141A0DF0F100DD0A57 /* OpenGLES.framework */,
				2F287D121A0DF0E700DD0A57 /* libz.dylib */,
				2F287D101A0DF0D100DD0A57 /* ImageIO.framework */,
				2F287D0E1A0DF0C800DD0A57 /* GLKit.framework */,
				2F287D0C1A0DF0BF00DD0A57 /* CoreText.framework */,
				2F287D0A1A0DF0B500DD0A57 /* CoreLocation.framework */,
				2F287D081A0DF0AC00DD0A57 /* CoreData.framework */,
				2F287D061A0DF0A300DD0A57 /* AVFoundation.framework */,
				8BEF723C19FD7648005F24F0 /* SystemConfiguration.framework */,
				8BEF723A19FD7641005F24F0 /* Security.framework */,
				8BEF723819FD763B005F24F0 /* CFNetwork.framework */,
				8BEF723619FD7632005F24F0 /* libc++.dylib */,
				8BEF723419FD7629005F24F0 /* libicucore.dylib */,
				387E29B8737A2C79589D47B9 /* libPods-Wiz.a */,
			);
			name = Frameworks;
			sourceTree = "<group>";
		};
/* End PBXGroup section */

/* Begin PBXNativeTarget section */
		8BEF720A19FD6EF7005F24F0 /* Wiz */ = {
			isa = PBXNativeTarget;
			buildConfigurationList = 8BEF722E19FD6EF8005F24F0 /* Build configuration list for PBXNativeTarget "Wiz" */;
			buildPhases = (
				2E196FD761CCE242EFDF14F4 /* Check Pods Manifest.lock */,
				8BEF720719FD6EF7005F24F0 /* Sources */,
				8BEF720819FD6EF7005F24F0 /* Frameworks */,
				8BEF720919FD6EF7005F24F0 /* Resources */,
				E7643ABC257F7810DB4E326F /* Copy Pods Resources */,
			);
			buildRules = (
			);
			dependencies = (
			);
			name = Wiz;
			productName = Wiz;
			productReference = 8BEF720B19FD6EF7005F24F0 /* Wiz.app */;
			productType = "com.apple.product-type.application";
		};
		8BEF722319FD6EF7005F24F0 /* WizTests */ = {
			isa = PBXNativeTarget;
			buildConfigurationList = 8BEF723119FD6EF8005F24F0 /* Build configuration list for PBXNativeTarget "WizTests" */;
			buildPhases = (
				8BEF722019FD6EF7005F24F0 /* Sources */,
				8BEF722119FD6EF7005F24F0 /* Frameworks */,
				8BEF722219FD6EF7005F24F0 /* Resources */,
			);
			buildRules = (
			);
			dependencies = (
				8BEF722619FD6EF7005F24F0 /* PBXTargetDependency */,
			);
			name = WizTests;
			productName = WizTests;
			productReference = 8BEF722419FD6EF7005F24F0 /* WizTests.xctest */;
			productType = "com.apple.product-type.bundle.unit-test";
		};
/* End PBXNativeTarget section */

/* Begin PBXProject section */
		8BEF720319FD6EF7005F24F0 /* Project object */ = {
			isa = PBXProject;
			attributes = {
				LastUpgradeCheck = 0610;
				ORGANIZATIONNAME = "Patrick Wilson";
				TargetAttributes = {
					8BEF720A19FD6EF7005F24F0 = {
						CreatedOnToolsVersion = 6.1;
						DevelopmentTeam = 4UPP947FXM;
					};
					8BEF722319FD6EF7005F24F0 = {
						CreatedOnToolsVersion = 6.1;
						TestTargetID = 8BEF720A19FD6EF7005F24F0;
					};
				};
			};
			buildConfigurationList = 8BEF720619FD6EF7005F24F0 /* Build configuration list for PBXProject "Wiz" */;
			compatibilityVersion = "Xcode 3.2";
			developmentRegion = English;
			hasScannedForEncodings = 0;
			knownRegions = (
				en,
				Base,
			);
			mainGroup = 8BEF720219FD6EF7005F24F0;
			productRefGroup = 8BEF720C19FD6EF7005F24F0 /* Products */;
			projectDirPath = "";
			projectRoot = "";
			targets = (
				8BEF720A19FD6EF7005F24F0 /* Wiz */,
				8BEF722319FD6EF7005F24F0 /* WizTests */,
			);
		};
/* End PBXProject section */

/* Begin PBXResourcesBuildPhase section */
		8BEF720919FD6EF7005F24F0 /* Resources */ = {
			isa = PBXResourcesBuildPhase;
			buildActionMask = 2147483647;
			files = (
				8B9F01B319FEE873008BDA75 /* TaskTwitter.xib in Resources */,
				2FE5B30D1A292AF6000C2B26 /* cancel.png in Resources */,
				8BEF721A19FD6EF7005F24F0 /* Main.storyboard in Resources */,
				2FE5B30F1A2A2B50000C2B26 /* switch.png in Resources */,
				8B9F01B219FEE873008BDA75 /* pin.png in Resources */,
				2FDB1F8F1A0E066300C666A2 /* GoogleMaps.bundle in Resources */,
				8BEF721F19FD6EF7005F24F0 /* LaunchScreen.xib in Resources */,
				8BEF721C19FD6EF7005F24F0 /* Images.xcassets in Resources */,
			);
			runOnlyForDeploymentPostprocessing = 0;
		};
		8BEF722219FD6EF7005F24F0 /* Resources */ = {
			isa = PBXResourcesBuildPhase;
			buildActionMask = 2147483647;
			files = (
			);
			runOnlyForDeploymentPostprocessing = 0;
		};
/* End PBXResourcesBuildPhase section */

/* Begin PBXShellScriptBuildPhase section */
		2E196FD761CCE242EFDF14F4 /* Check Pods Manifest.lock */ = {
			isa = PBXShellScriptBuildPhase;
			buildActionMask = 2147483647;
			files = (
			);
			inputPaths = (
			);
			name = "Check Pods Manifest.lock";
			outputPaths = (
			);
			runOnlyForDeploymentPostprocessing = 0;
			shellPath = /bin/sh;
			shellScript = "diff \"${PODS_ROOT}/../Podfile.lock\" \"${PODS_ROOT}/Manifest.lock\" > /dev/null\nif [[ $? != 0 ]] ; then\n    cat << EOM\nerror: The sandbox is not in sync with the Podfile.lock. Run 'pod install' or update your CocoaPods installation.\nEOM\n    exit 1\nfi\n";
			showEnvVarsInLog = 0;
		};
		E7643ABC257F7810DB4E326F /* Copy Pods Resources */ = {
			isa = PBXShellScriptBuildPhase;
			buildActionMask = 2147483647;
			files = (
			);
			inputPaths = (
			);
			name = "Copy Pods Resources";
			outputPaths = (
			);
			runOnlyForDeploymentPostprocessing = 0;
			shellPath = /bin/sh;
			shellScript = "\"${SRCROOT}/Pods/Target Support Files/Pods-Wiz/Pods-Wiz-resources.sh\"\n";
			showEnvVarsInLog = 0;
		};
/* End PBXShellScriptBuildPhase section */

/* Begin PBXSourcesBuildPhase section */
		8BEF720719FD6EF7005F24F0 /* Sources */ = {
			isa = PBXSourcesBuildPhase;
			buildActionMask = 2147483647;
			files = (
				2FE5B3151A2A9E1C000C2B26 /* PulsingHaloLayer.m in Sources */,
				8BA84FDD1A290578008C331F /* WIZAcceptedRequestViewController.m in Sources */,
				8B9F01C019FEEA2D008BDA75 /* WIZMapViewController.m in Sources */,
				8BEF721719FD6EF7005F24F0 /* ViewController.m in Sources */,
				8B26C6511A06B86D00A9E92E /* WIZUserDataSharedManager.m in Sources */,
				8BEF721419FD6EF7005F24F0 /* AppDelegate.m in Sources */,
				8B26C6481A0696FF00A9E92E /* StudentWaitingViewController.m in Sources */,
				8BEF721119FD6EF7005F24F0 /* main.m in Sources */,
				2FE5B3141A2A9E1C000C2B26 /* MultiplePulsingHaloLayer.m in Sources */,
				8BA84FDA1A28FF6D008C331F /* StudentRequestNoMatchViewController.m in Sources */,
				8B26C64E1A06AE7A00A9E92E /* WIZWaitingViewController.m in Sources */,
				8B26C64B1A06A20200A9E92E /* StudentRequestAcceptedViewController.m in Sources */,
			);
			runOnlyForDeploymentPostprocessing = 0;
		};
		8BEF722019FD6EF7005F24F0 /* Sources */ = {
			isa = PBXSourcesBuildPhase;
			buildActionMask = 2147483647;
			files = (
				8BEF722B19FD6EF7005F24F0 /* WizTests.m in Sources */,
			);
			runOnlyForDeploymentPostprocessing = 0;
		};
/* End PBXSourcesBuildPhase section */

/* Begin PBXTargetDependency section */
		8BEF722619FD6EF7005F24F0 /* PBXTargetDependency */ = {
			isa = PBXTargetDependency;
			target = 8BEF720A19FD6EF7005F24F0 /* Wiz */;
			targetProxy = 8BEF722519FD6EF7005F24F0 /* PBXContainerItemProxy */;
		};
/* End PBXTargetDependency section */

/* Begin PBXVariantGroup section */
		8BEF721819FD6EF7005F24F0 /* Main.storyboard */ = {
			isa = PBXVariantGroup;
			children = (
				8BEF721919FD6EF7005F24F0 /* Base */,
			);
			name = Main.storyboard;
			sourceTree = "<group>";
		};
		8BEF721D19FD6EF7005F24F0 /* LaunchScreen.xib */ = {
			isa = PBXVariantGroup;
			children = (
				8BEF721E19FD6EF7005F24F0 /* Base */,
			);
			name = LaunchScreen.xib;
			sourceTree = "<group>";
		};
/* End PBXVariantGroup section */

/* Begin XCBuildConfiguration section */
		8BEF722C19FD6EF8005F24F0 /* Debug */ = {
			isa = XCBuildConfiguration;
			buildSettings = {
				ALWAYS_SEARCH_USER_PATHS = NO;
				CLANG_CXX_LANGUAGE_STANDARD = "gnu++0x";
				CLANG_CXX_LIBRARY = "libc++";
				CLANG_ENABLE_MODULES = YES;
				CLANG_ENABLE_OBJC_ARC = YES;
				CLANG_WARN_BOOL_CONVERSION = YES;
				CLANG_WARN_CONSTANT_CONVERSION = YES;
				CLANG_WARN_DIRECT_OBJC_ISA_USAGE = YES_ERROR;
				CLANG_WARN_EMPTY_BODY = YES;
				CLANG_WARN_ENUM_CONVERSION = YES;
				CLANG_WARN_INT_CONVERSION = YES;
				CLANG_WARN_OBJC_ROOT_CLASS = YES_ERROR;
				CLANG_WARN_UNREACHABLE_CODE = YES;
				CLANG_WARN__DUPLICATE_METHOD_MATCH = YES;
				"CODE_SIGN_IDENTITY[sdk=iphoneos*]" = "iPhone Developer";
				COPY_PHASE_STRIP = NO;
				ENABLE_STRICT_OBJC_MSGSEND = YES;
				GCC_C_LANGUAGE_STANDARD = gnu99;
				GCC_DYNAMIC_NO_PIC = NO;
				GCC_OPTIMIZATION_LEVEL = 0;
				GCC_PREPROCESSOR_DEFINITIONS = (
					"DEBUG=1",
					"$(inherited)",
				);
				GCC_SYMBOLS_PRIVATE_EXTERN = NO;
				GCC_WARN_64_TO_32_BIT_CONVERSION = YES;
				GCC_WARN_ABOUT_RETURN_TYPE = YES_ERROR;
				GCC_WARN_UNDECLARED_SELECTOR = YES;
				GCC_WARN_UNINITIALIZED_AUTOS = YES_AGGRESSIVE;
				GCC_WARN_UNUSED_FUNCTION = YES;
				GCC_WARN_UNUSED_VARIABLE = YES;
				IPHONEOS_DEPLOYMENT_TARGET = 8.0;
				MTL_ENABLE_DEBUG_INFO = YES;
				ONLY_ACTIVE_ARCH = YES;
				OTHER_LDFLAGS = "-ObjC";
				SDKROOT = iphoneos;
			};
			name = Debug;
		};
		8BEF722D19FD6EF8005F24F0 /* Release */ = {
			isa = XCBuildConfiguration;
			buildSettings = {
				ALWAYS_SEARCH_USER_PATHS = NO;
				CLANG_CXX_LANGUAGE_STANDARD = "gnu++0x";
				CLANG_CXX_LIBRARY = "libc++";
				CLANG_ENABLE_MODULES = YES;
				CLANG_ENABLE_OBJC_ARC = YES;
				CLANG_WARN_BOOL_CONVERSION = YES;
				CLANG_WARN_CONSTANT_CONVERSION = YES;
				CLANG_WARN_DIRECT_OBJC_ISA_USAGE = YES_ERROR;
				CLANG_WARN_EMPTY_BODY = YES;
				CLANG_WARN_ENUM_CONVERSION = YES;
				CLANG_WARN_INT_CONVERSION = YES;
				CLANG_WARN_OBJC_ROOT_CLASS = YES_ERROR;
				CLANG_WARN_UNREACHABLE_CODE = YES;
				CLANG_WARN__DUPLICATE_METHOD_MATCH = YES;
				"CODE_SIGN_IDENTITY[sdk=iphoneos*]" = "iPhone Developer";
				COPY_PHASE_STRIP = YES;
				ENABLE_NS_ASSERTIONS = NO;
				ENABLE_STRICT_OBJC_MSGSEND = YES;
				GCC_C_LANGUAGE_STANDARD = gnu99;
				GCC_WARN_64_TO_32_BIT_CONVERSION = YES;
				GCC_WARN_ABOUT_RETURN_TYPE = YES_ERROR;
				GCC_WARN_UNDECLARED_SELECTOR = YES;
				GCC_WARN_UNINITIALIZED_AUTOS = YES_AGGRESSIVE;
				GCC_WARN_UNUSED_FUNCTION = YES;
				GCC_WARN_UNUSED_VARIABLE = YES;
				IPHONEOS_DEPLOYMENT_TARGET = 8.0;
				MTL_ENABLE_DEBUG_INFO = NO;
				OTHER_LDFLAGS = "-ObjC";
				SDKROOT = iphoneos;
				VALIDATE_PRODUCT = YES;
			};
			name = Release;
		};
		8BEF722F19FD6EF8005F24F0 /* Debug */ = {
			isa = XCBuildConfiguration;
			baseConfigurationReference = DA5D382CF5E2B8AE4DFF306B /* Pods-Wiz.debug.xcconfig */;
			buildSettings = {
				ASSETCATALOG_COMPILER_APPICON_NAME = AppIcon;
				CODE_SIGN_IDENTITY = "iPhone Developer";
				"CODE_SIGN_IDENTITY[sdk=iphoneos*]" = "iPhone Developer";
				FRAMEWORK_SEARCH_PATHS = (
					"$(inherited)",
					"$(PROJECT_DIR)",
				);
				INFOPLIST_FILE = Wiz/Info.plist;
				IPHONEOS_DEPLOYMENT_TARGET = 8.0;
				LD_RUNPATH_SEARCH_PATHS = "$(inherited) @executable_path/Frameworks";
				PRODUCT_NAME = "$(TARGET_NAME)";
				PROVISIONING_PROFILE = "";
			};
			name = Debug;
		};
		8BEF723019FD6EF8005F24F0 /* Release */ = {
			isa = XCBuildConfiguration;
			baseConfigurationReference = 3070CE58CA7BF6D37A1DFC09 /* Pods-Wiz.release.xcconfig */;
			buildSettings = {
				ASSETCATALOG_COMPILER_APPICON_NAME = AppIcon;
				CODE_SIGN_IDENTITY = "iPhone Developer";
				"CODE_SIGN_IDENTITY[sdk=iphoneos*]" = "iPhone Developer";
				FRAMEWORK_SEARCH_PATHS = (
					"$(inherited)",
					"$(PROJECT_DIR)",
				);
				INFOPLIST_FILE = Wiz/Info.plist;
				IPHONEOS_DEPLOYMENT_TARGET = 8.0;
				LD_RUNPATH_SEARCH_PATHS = "$(inherited) @executable_path/Frameworks";
				PRODUCT_NAME = "$(TARGET_NAME)";
				PROVISIONING_PROFILE = "";
			};
			name = Release;
		};
		8BEF723219FD6EF8005F24F0 /* Debug */ = {
			isa = XCBuildConfiguration;
			buildSettings = {
				BUNDLE_LOADER = "$(TEST_HOST)";
				FRAMEWORK_SEARCH_PATHS = (
					"$(SDKROOT)/Developer/Library/Frameworks",
					"$(inherited)",
				);
				GCC_PREPROCESSOR_DEFINITIONS = (
					"DEBUG=1",
					"$(inherited)",
				);
				INFOPLIST_FILE = WizTests/Info.plist;
				LD_RUNPATH_SEARCH_PATHS = "$(inherited) @executable_path/Frameworks @loader_path/Frameworks";
				PRODUCT_NAME = "$(TARGET_NAME)";
				TEST_HOST = "$(BUILT_PRODUCTS_DIR)/Wiz.app/Wiz";
			};
			name = Debug;
		};
		8BEF723319FD6EF8005F24F0 /* Release */ = {
			isa = XCBuildConfiguration;
			buildSettings = {
				BUNDLE_LOADER = "$(TEST_HOST)";
				FRAMEWORK_SEARCH_PATHS = (
					"$(SDKROOT)/Developer/Library/Frameworks",
					"$(inherited)",
				);
				INFOPLIST_FILE = WizTests/Info.plist;
				LD_RUNPATH_SEARCH_PATHS = "$(inherited) @executable_path/Frameworks @loader_path/Frameworks";
				PRODUCT_NAME = "$(TARGET_NAME)";
				TEST_HOST = "$(BUILT_PRODUCTS_DIR)/Wiz.app/Wiz";
			};
			name = Release;
		};
/* End XCBuildConfiguration section */

/* Begin XCConfigurationList section */
		8BEF720619FD6EF7005F24F0 /* Build configuration list for PBXProject "Wiz" */ = {
			isa = XCConfigurationList;
			buildConfigurations = (
				8BEF722C19FD6EF8005F24F0 /* Debug */,
				8BEF722D19FD6EF8005F24F0 /* Release */,
			);
			defaultConfigurationIsVisible = 0;
			defaultConfigurationName = Release;
		};
		8BEF722E19FD6EF8005F24F0 /* Build configuration list for PBXNativeTarget "Wiz" */ = {
			isa = XCConfigurationList;
			buildConfigurations = (
				8BEF722F19FD6EF8005F24F0 /* Debug */,
				8BEF723019FD6EF8005F24F0 /* Release */,
			);
			defaultConfigurationIsVisible = 0;
			defaultConfigurationName = Release;
		};
		8BEF723119FD6EF8005F24F0 /* Build configuration list for PBXNativeTarget "WizTests" */ = {
			isa = XCConfigurationList;
			buildConfigurations = (
				8BEF723219FD6EF8005F24F0 /* Debug */,
				8BEF723319FD6EF8005F24F0 /* Release */,
			);
			defaultConfigurationIsVisible = 0;
			defaultConfigurationName = Release;
		};
/* End XCConfigurationList section */
	};
	rootObject = 8BEF720319FD6EF7005F24F0 /* Project object */;
}
